{
  "name": "bhs-webapi",
  "version": "0.1.0",
  "lockfileVersion": 3,
  "requires": true,
  "packages": {
    "": {
      "name": "bhs-webapi",
      "version": "0.1.0",
      "workspaces": [
        "packages/*"
      ],
      "devDependencies": {
        "ts-node": "^10.9.2",
        "typescript": "^5.7.3"
      },
      "engines": {
        "node": ">=24.0.0"
      }
    },
    "node_modules/@aws-sdk/client-bedrock-agentcore": {
      "version": "3.1096.0",
      "resolved": "https://registry.npmjs.org/@aws-sdk/client-bedrock-agentcore/-/client-bedrock-agentcore-3.1096.0.tgz",
      "integrity": "sha512-OCc+bQjGpO8AiIFMxSvditEvkdxp2rPAJn18DZ7v0AZkcGVqzl2AGWTgyv3NlWmtQ5cqtyrWhsQpOA0KP/+ErQ==",
      "license": "Apache-2.0",
      "dependencies": {
        "@aws-sdk/core": "^3.977.1",
        "@aws-sdk/credential-provider-node": "^3.972.73",
        "@aws-sdk/types": "^3.974.2",
        "@smithy/core": "^3.29.8",
        "@smithy/fetch-http-handler": "^5.6.10",
        "@smithy/node-http-handler": "^4.9.10",
        "@smithy/types": "^4.16.1",
        "tslib": "^2.6.2"
      },
      "engines": {
        "node": ">=20.0.0"
      }
    },
    "node_modules/@aws-sdk/client-bedrock-runtime": {
      "version": "3.1096.0",
      "resolved": "https://registry.npmjs.org/@aws-sdk/client-bedrock-runtime/-/client-bedrock-runtime-3.1096.0.tgz",
      "integrity": "sha512-5aZmG71QnMoQQry/UmT9tM1p/W2Sux34bg3nJPN4GP31Ei321jCgOaEVgCNzaRPzUZ94QuKIA5ND9obTlOw3vw==",
      "license": "Apache-2.0",
      "dependencies": {
        "@aws-sdk/core": "^3.977.1",
        "@aws-sdk/credential-provider-node": "^3.972.73",
        "@aws-sdk/eventstream-handler-node": "^3.972.30",
        "@aws-sdk/middleware-eventstream": "^3.972.25",
        "@aws-sdk/middleware-websocket": "^3.972.44",
        "@aws-sdk/token-providers": "3.1096.0",
        "@aws-sdk/types": "^3.974.2",
        "@smithy/core": "^3.29.8",
        "@smithy/fetch-http-handler": "^5.6.10",
        "@smithy/node-http-handler": "^4.9.10",
        "@smithy/types": "^4.16.1",
        "tslib": "^2.6.2"
      },
      "engines": {
        "node": ">=20.0.0"
      }
    },
    "node_modules/@aws-sdk/client-dynamodb": {
      "version": "3.1079.0",
      "resolved": "https://registry.npmjs.org/@aws-sdk/client-dynamodb/-/client-dynamodb-3.1079.0.tgz",
      "integrity": "sha512-njnQvv5lqyzX42Af/Z3nuxm6eK9/OPDYkaIah3m2sJoudAKkvvJ5jOTAtw8zGhu5zviT4Sa9giYC1FHkabuAFA==",
      "license": "Apache-2.0",
      "dependencies": {
        "@aws-sdk/core": "^3.974.27",
        "@aws-sdk/credential-provider-node": "^3.972.62",
        "@aws-sdk/dynamodb-codec": "^3.973.27",
        "@aws-sdk/middleware-endpoint-discovery": "^3.972.22",
        "@aws-sdk/types": "^3.973.15",
        "@smithy/core": "^3.29.0",
        "@smithy/fetch-http-handler": "^5.6.2",
        "@smithy/node-http-handler": "^4.9.2",
        "@smithy/types": "^4.15.1",
        "tslib": "^2.6.2"
      },
      "engines": {
        "node": ">=20.0.0"
      }
    },
    "node_modules/@aws-sdk/core": {
      "version": "3.977.1",
      "resolved": "https://registry.npmjs.org/@aws-sdk/core/-/core-3.977.1.tgz",
      "integrity": "sha512-KVtQRtc00ES/y+Sc3vYXeP6pCIcNlBJCZOwvqSy8ZpVGmbM5+IG+AfhuTKQ2oXmIVqZJewaGMMpzPkywC6xg0w==",
      "license": "Apache-2.0",
      "dependencies": {
        "@aws-sdk/types": "^3.974.2",
        "@aws-sdk/xml-builder": "^3.972.37",
        "@aws/lambda-invoke-store": "^0.3.0",
        "@smithy/core": "^3.29.8",
        "@smithy/signature-v4": "^5.6.9",
        "@smithy/types": "^4.16.1",
        "bowser": "^2.11.0",
        "tslib": "^2.6.2"
      },
      "engines": {
        "node": ">=20.0.0"
      }
    },
    "node_modules/@aws-sdk/credential-provider-env": {
      "version": "3.972.62",
      "resolved": "https://registry.npmjs.org/@aws-sdk/credential-provider-env/-/credential-provider-env-3.972.62.tgz",
      "integrity": "sha512-BkDrk2cNjed31IKin/Oksb2ziF+gfuyRskFVuT4EU9Mep7M8Y/d8DJG4+anHme4Vuse7CwaEscwEfGyR6mzBhQ==",
      "license": "Apache-2.0",
      "dependencies": {
        "@aws-sdk/core": "^3.977.1",
        "@aws-sdk/types": "^3.974.2",
        "@smithy/core": "^3.29.8",
        "@smithy/types": "^4.16.1",
        "tslib": "^2.6.2"
      },
      "engines": {
        "node": ">=20.0.0"
      }
    },
    "node_modules/@aws-sdk/credential-provider-http": {
      "version": "3.972.64",
      "resolved": "https://registry.npmjs.org/@aws-sdk/credential-provider-http/-/credential-provider-http-3.972.64.tgz",
      "integrity": "sha512-Wj1FGK2IxY5EccQCvH+niTYhIvDoDujJf2CpRRgS3NpYNEgiFNVItNbJYQjINRlu7fG7jSsXkKV0UWKriEplrw==",
      "license": "Apache-2.0",
      "dependencies": {
        "@aws-sdk/core": "^3.977.1",
        "@aws-sdk/types": "^3.974.2",
        "@smithy/core": "^3.29.8",
        "@smithy/fetch-http-handler": "^5.6.10",
        "@smithy/node-http-handler": "^4.9.10",
        "@smithy/types": "^4.16.1",
        "tslib": "^2.6.2"
      },
      "engines": {
        "node": ">=20.0.0"
      }
    },
    "node_modules/@aws-sdk/credential-provider-ini": {
      "version": "3.973.7",
      "resolved": "https://registry.npmjs.org/@aws-sdk/credential-provider-ini/-/credential-provider-ini-3.973.7.tgz",
      "integrity": "sha512-2CefB8cCxDu52P24B8Ay93/cTT199bcSvNHQ8e2f4BjSCF83yErBnTIZEBo0VeIgCfmw+PJKFUXnlQWxm2dkug==",
      "license": "Apache-2.0",
      "dependencies": {
        "@aws-sdk/core": "^3.977.1",
        "@aws-sdk/credential-provider-env": "^3.972.62",
        "@aws-sdk/credential-provider-http": "^3.972.64",
        "@aws-sdk/credential-provider-login": "^3.972.69",
        "@aws-sdk/credential-provider-process": "^3.972.62",
        "@aws-sdk/credential-provider-sso": "^3.973.6",
        "@aws-sdk/credential-provider-web-identity": "^3.972.68",
        "@aws-sdk/nested-clients": "^3.997.36",
        "@aws-sdk/types": "^3.974.2",
        "@smithy/core": "^3.29.8",
        "@smithy/credential-provider-imds": "^4.4.13",
        "@smithy/types": "^4.16.1",
        "tslib": "^2.6.2"
      },
      "engines": {
        "node": ">=20.0.0"
      }
    },
    "node_modules/@aws-sdk/credential-provider-login": {
      "version": "3.972.69",
      "resolved": "https://registry.npmjs.org/@aws-sdk/credential-provider-login/-/credential-provider-login-3.972.69.tgz",
      "integrity": "sha512-gM3j0Ie9+FoLNTYODY+QWbg3vCRBc7mR9cRdntxTMkFYIrwfRmuucfavP6HNBlYSuaYww54TNJGej4GFgoPZAg==",
      "license": "Apache-2.0",
      "dependencies": {
        "@aws-sdk/core": "^3.977.1",
        "@aws-sdk/nested-clients": "^3.997.36",
        "@aws-sdk/types": "^3.974.2",
        "@smithy/core": "^3.29.8",
        "@smithy/types": "^4.16.1",
        "tslib": "^2.6.2"
      },
      "engines": {
        "node": ">=20.0.0"
      }
    },
    "node_modules/@aws-sdk/credential-provider-node": {
      "version": "3.972.73",
      "resolved": "https://registry.npmjs.org/@aws-sdk/credential-provider-node/-/credential-provider-node-3.972.73.tgz",
      "integrity": "sha512-VTzdbf8Ukjdb9yUubZzRI678CWZvKovhE8Nv3qihwhC187sRMGls+r9N8Wuht5q1xjKx2nmpS48ar8ppupjkCA==",
      "license": "Apache-2.0",
      "dependencies": {
        "@aws-sdk/credential-provider-env": "^3.972.62",
        "@aws-sdk/credential-provider-http": "^3.972.64",
        "@aws-sdk/credential-provider-ini": "^3.973.7",
        "@aws-sdk/credential-provider-process": "^3.972.62",
        "@aws-sdk/credential-provider-sso": "^3.973.6",
        "@aws-sdk/credential-provider-web-identity": "^3.972.68",
        "@aws-sdk/types": "^3.974.2",
        "@smithy/core": "^3.29.8",
        "@smithy/credential-provider-imds": "^4.4.13",
        "@smithy/types": "^4.16.1",
        "tslib": "^2.6.2"
      },
      "engines": {
        "node": ">=20.0.0"
      }
    },
    "node_modules/@aws-sdk/credential-provider-process": {
      "version": "3.972.62",
      "resolved": "https://registry.npmjs.org/@aws-sdk/credential-provider-process/-/credential-provider-process-3.972.62.tgz",
      "integrity": "sha512-zXYU9UWNL66gtMgNLhmxlrvEokuI7r6G2q7FRGu41Bya4iS30JLelUipJX9SV4zhyCPWJhI9Li54R1d9H8Tq6A==",
      "license": "Apache-2.0",
      "dependencies": {
        "@aws-sdk/core": "^3.977.1",
        "@aws-sdk/types": "^3.974.2",
        "@smithy/core": "^3.29.8",
        "@smithy/types": "^4.16.1",
        "tslib": "^2.6.2"
      },
      "engines": {
        "node": ">=20.0.0"
      }
    },
    "node_modules/@aws-sdk/credential-provider-sso": {
      "version": "3.973.6",
      "resolved": "https://registry.npmjs.org/@aws-sdk/credential-provider-sso/-/credential-provider-sso-3.973.6.tgz",
      "integrity": "sha512-DobZggy3K49xdCpjeyMou0FQhkoYbluVGNydL6D+lcxF8GoAsttFX0xnH5GmiQ89We5dB6TRpW+CD/VowBH6HQ==",
      "license": "Apache-2.0",
      "dependencies": {
        "@aws-sdk/core": "^3.977.1",
        "@aws-sdk/nested-clients": "^3.997.36",
        "@aws-sdk/token-providers": "3.1096.0",
        "@aws-sdk/types": "^3.974.2",
        "@smithy/core": "^3.29.8",
        "@smithy/types": "^4.16.1",
        "tslib": "^2.6.2"
      },
      "engines": {
        "node": ">=20.0.0"
      }
    },
    "node_modules/@aws-sdk/credential-provider-web-identity": {
      "version": "3.972.68",
      "resolved": "https://registry.npmjs.org/@aws-sdk/credential-provider-web-identity/-/credential-provider-web-identity-3.972.68.tgz",
      "integrity": "sha512-bq+yTt+uWJx60VVp/OIAX5xqUAu/K2Uc3eknWnWl+KtfcU2CQe0uNw6lySrn2t5GKHq7jsV0Z63HiBGVtzr/lg==",
      "license": "Apache-2.0",
      "dependencies": {
        "@aws-sdk/core": "^3.977.1",
        "@aws-sdk/nested-clients": "^3.997.36",
        "@aws-sdk/types": "^3.974.2",
        "@smithy/core": "^3.29.8",
        "@smithy/types": "^4.16.1",
        "tslib": "^2.6.2"
      },
      "engines": {
        "node": ">=20.0.0"
      }
    },
    "node_modules/@aws-sdk/dynamodb-codec": {
      "version": "3.973.27",
      "resolved": "https://registry.npmjs.org/@aws-sdk/dynamodb-codec/-/dynamodb-codec-3.973.27.tgz",
      "integrity": "sha512-eOTdNw3SwpkO/WOBFFY28Us9WcjBxejRw0vRD0eRqp6+aisHnBXiyQhSX2VIPHkCMFThhBRfSftdXBbgh95y8A==",
      "license": "Apache-2.0",
      "dependencies": {
        "@aws-sdk/core": "^3.974.27",
        "@smithy/core": "^3.29.0",
        "@smithy/types": "^4.15.1",
        "tslib": "^2.6.2"
      },
      "engines": {
        "node": ">=20.0.0"
      }
    },
    "node_modules/@aws-sdk/endpoint-cache": {
      "version": "3.972.8",
      "resolved": "https://registry.npmjs.org/@aws-sdk/endpoint-cache/-/endpoint-cache-3.972.8.tgz",
      "integrity": "sha512-bBmkG0Dnhfq0/T4Z0PpUr7HkncBVaWvvCbvafeaUM+yC9wa8GGjLJmonq0QL17REB9WivgGeYgWQ5A80Uw5UnQ==",
      "license": "Apache-2.0",
      "dependencies": {
        "mnemonist": "0.38.3",
        "tslib": "^2.6.2"
      },
      "engines": {
        "node": ">=20.0.0"
      }
    },
    "node_modules/@aws-sdk/eventstream-handler-node": {
      "version": "3.972.30",
      "resolved": "https://registry.npmjs.org/@aws-sdk/eventstream-handler-node/-/eventstream-handler-node-3.972.30.tgz",
      "integrity": "sha512-hJboPgIpq5+ADc++/B9TBqn65CXV21cZLGB8V5RBQbxkZ/rQ6qMfcxTnW/SvQlasX4jhaSG8B1wsVjhQyDrsnQ==",
      "license": "Apache-2.0",
      "dependencies": {
        "@aws-sdk/types": "^3.974.2",
        "@smithy/core": "^3.29.8",
        "@smithy/types": "^4.16.1",
        "tslib": "^2.6.2"
      },
      "engines": {
        "node": ">=20.0.0"
      }
    },
    "node_modules/@aws-sdk/lib-dynamodb": {
      "version": "3.1079.0",
      "resolved": "https://registry.npmjs.org/@aws-sdk/lib-dynamodb/-/lib-dynamodb-3.1079.0.tgz",
      "integrity": "sha512-iq6nn4zfFs79sbfYHQf3Suh2XcBHP2Hlu48XAZHOlIJBok+IMETv+WVAXHktlyAwYyNHjG9iW8Flupuj4jMvAA==",
      "license": "Apache-2.0",
      "dependencies": {
        "@aws-sdk/core": "^3.974.27",
        "@aws-sdk/util-dynamodb": "^3.996.5",
        "@smithy/core": "^3.29.0",
        "@smithy/types": "^4.15.1",
        "tslib": "^2.6.2"
      },
      "engines": {
        "node": ">=20.0.0"
      },
      "peerDependencies": {
        "@aws-sdk/client-dynamodb": "^3.1079.0"
      }
    },
    "node_modules/@aws-sdk/middleware-endpoint-discovery": {
      "version": "3.972.22",
      "resolved": "https://registry.npmjs.org/@aws-sdk/middleware-endpoint-discovery/-/middleware-endpoint-discovery-3.972.22.tgz",
      "integrity": "sha512-GMoLg4XAnkiwevqcOfgz0lOTYmIdM7MJK/BL9EAvsoMFqKIGRpyNIvuSNg5gdFzP57yB+EklMlK0+TwBqj1tCg==",
      "license": "Apache-2.0",
      "dependencies": {
        "@aws-sdk/endpoint-cache": "^3.972.8",
        "@aws-sdk/types": "^3.973.15",
        "@smithy/core": "^3.29.0",
        "@smithy/types": "^4.15.1",
        "tslib": "^2.6.2"
      },
      "engines": {
        "node": ">=20.0.0"
      }
    },
    "node_modules/@aws-sdk/middleware-eventstream": {
      "version": "3.972.25",
      "resolved": "https://registry.npmjs.org/@aws-sdk/middleware-eventstream/-/middleware-eventstream-3.972.25.tgz",
      "integrity": "sha512-9SFbPzJDHHR5k6Q6KvXVas/veUm/TzNcNTFM2UhdXHZHpyIvI2lS+s4cxljw1BihGpVhsAkQDo/2nW7dHxpf4Q==",
      "license": "Apache-2.0",
      "dependencies": {
        "@aws-sdk/types": "^3.974.2",
        "@smithy/core": "^3.29.8",
        "@smithy/types": "^4.16.1",
        "tslib": "^2.6.2"
      },
      "engines": {
        "node": ">=20.0.0"
      }
    },
    "node_modules/@aws-sdk/middleware-websocket": {
      "version": "3.972.44",
      "resolved": "https://registry.npmjs.org/@aws-sdk/middleware-websocket/-/middleware-websocket-3.972.44.tgz",
      "integrity": "sha512-MPjH/vT1UZc7RSdvP/bIZCJqQCOORei84D6a7dwBuvdwOIskTsQ2EczlTRFQu7yWpGMQr1x3xdpDRHjWlTH2Tw==",
      "license": "Apache-2.0",
      "dependencies": {
        "@aws-sdk/core": "^3.977.1",
        "@aws-sdk/types": "^3.974.2",
        "@smithy/core": "^3.29.8",
        "@smithy/fetch-http-handler": "^5.6.10",
        "@smithy/signature-v4": "^5.6.9",
        "@smithy/types": "^4.16.1",
        "tslib": "^2.6.2"
      },
      "engines": {
        "node": ">= 14.0.0"
      }
    },
    "node_modules/@aws-sdk/nested-clients": {
      "version": "3.997.36",
      "resolved": "https://registry.npmjs.org/@aws-sdk/nested-clients/-/nested-clients-3.997.36.tgz",
      "integrity": "sha512-b71Suv7L+DnhM0MsQHU4WO42I32kxLZi96PbVhZbxMYIoKnEZz3v+LSrG8fupAoA4cBSshCk1Dl/PeRz49qUSg==",
      "license": "Apache-2.0",
      "dependencies": {
        "@aws-sdk/core": "^3.977.1",
        "@aws-sdk/signature-v4-multi-region": "^3.996.42",
        "@aws-sdk/types": "^3.974.2",
        "@smithy/core": "^3.29.8",
        "@smithy/fetch-http-handler": "^5.6.10",
        "@smithy/node-http-handler": "^4.9.10",
        "@smithy/types": "^4.16.1",
        "tslib": "^2.6.2"
      },
      "engines": {
        "node": ">=20.0.0"
      }
    },
    "node_modules/@aws-sdk/signature-v4-multi-region": {
      "version": "3.996.42",
      "resolved": "https://registry.npmjs.org/@aws-sdk/signature-v4-multi-region/-/signature-v4-multi-region-3.996.42.tgz",
      "integrity": "sha512-DBV4naZP6HYBlAvPpoQzOP12Wvfou/5rN8yJPXjBTBylU5qwCbh/tXr2MddHoIjgoRkEl/eS+IljiUqvmwey1Q==",
      "license": "Apache-2.0",
      "dependencies": {
        "@aws-sdk/types": "^3.974.2",
        "@smithy/signature-v4": "^5.6.9",
        "@smithy/types": "^4.16.1",
        "tslib": "^2.6.2"
      },
      "engines": {
        "node": ">=20.0.0"
      }
    },
    "node_modules/@aws-sdk/token-providers": {
      "version": "3.1096.0",
      "resolved": "https://registry.npmjs.org/@aws-sdk/token-providers/-/token-providers-3.1096.0.tgz",
      "integrity": "sha512-hdUS2hDppy3vkWeFl5y86RLNU6OWH2mQB09yOSsRefwhhGTSFPkaZvfLDD/9vFcvMzlr8QFQFw3fw2FtrurVQA==",
      "license": "Apache-2.0",
      "dependencies": {
        "@aws-sdk/core": "^3.977.1",
        "@aws-sdk/nested-clients": "^3.997.36",
        "@aws-sdk/types": "^3.974.2",
        "@smithy/core": "^3.29.8",
        "@smithy/types": "^4.16.1",
        "tslib": "^2.6.2"
      },
      "engines": {
        "node": ">=20.0.0"
      }
    },
    "node_modules/@aws-sdk/types": {
      "version": "3.974.2",
      "resolved": "https://registry.npmjs.org/@aws-sdk/types/-/types-3.974.2.tgz",
      "integrity": "sha512-3W6IUtSxFbH6X7Wb7DzGCV5QiFQsd0g8bOfntpmDxQlzBoKWUMBu/JPQR0DwkE+Hpnxd6db1tXbOwdeHddG6cA==",
      "license": "Apache-2.0",
      "dependencies": {
        "@smithy/types": "^4.16.1",
        "tslib": "^2.6.2"
      },
      "engines": {
        "node": ">=20.0.0"
      }
    },
    "node_modules/@aws-sdk/util-dynamodb": {
      "version": "3.996.5",
      "resolved": "https://registry.npmjs.org/@aws-sdk/util-dynamodb/-/util-dynamodb-3.996.5.tgz",
      "integrity": "sha512-m9bdmYq3WtbMHAKGALw9XWiMBfKu5T8ukgdJT7Mc/d2oOwDGNFmhsnnkQ18xomoXo/ZHxAuIDi3Y6slsblW1Mg==",
      "license": "Apache-2.0",
      "dependencies": {
        "tslib": "^2.6.2"
      },
      "engines": {
        "node": ">=20.0.0"
      },
      "peerDependencies": {
        "@aws-sdk/client-dynamodb": "^3.1069.0"
      }
    },
    "node_modules/@aws-sdk/xml-builder": {
      "version": "3.972.37",
      "resolved": "https://registry.npmjs.org/@aws-sdk/xml-builder/-/xml-builder-3.972.37.tgz",
      "integrity": "sha512-zKq4HQum8JwDyEuyfuI4bbiAcU0KxP6qy+9PR/IsR92IyE/DaBAikzAS50tjxip4bqIIANpCcG+Yyj6CVhXupg==",
      "license": "Apache-2.0",
      "dependencies": {
        "@smithy/types": "^4.16.1",
        "tslib": "^2.6.2"
      },
      "engines": {
        "node": ">=20.0.0"
      }
    },
    "node_modules/@aws/lambda-invoke-store": {
      "version": "0.3.0",
      "resolved": "https://registry.npmjs.org/@aws/lambda-invoke-store/-/lambda-invoke-store-0.3.0.tgz",
      "integrity": "sha512-sl4Bm6yiMNYrZKkqqDFWN0UfnWhlS8ivKxrYl+6t0gCLrqr8y3B2IqZZbFRkfaVVp7C/baApyh71P+LeE1A2sQ==",
      "license": "Apache-2.0",
      "engines": {
        "node": ">=18.0.0"
      }
    },
    "node_modules/@bhs/chat-api": {
      "resolved": "packages/chat-api",
      "link": true
    },
    "node_modules/@bhs/quiz-api": {
      "resolved": "packages/quiz-api",
      "link": true
    },
    "node_modules/@bhs/shared": {
      "resolved": "packages/shared",
      "link": true
    },
    "node_modules/@cspotcode/source-map-support": {
      "version": "0.8.1",
      "resolved": "https://registry.npmjs.org/@cspotcode/source-map-support/-/source-map-support-0.8.1.tgz",
      "integrity": "sha512-IchNf6dN4tHoMFIn/7OE8LWZ19Y6q/67Bmf6vnGREv8RSbBVb9LPJxEcnwrcwX6ixSvaiGoomAUvu4YSxXrVgw==",
      "dev": true,
      "license": "MIT",
      "dependencies": {
        "@jridgewell/trace-mapping": "0.3.9"
      },
      "engines": {
        "node": ">=12"
      }
    },
    "node_modules/@jridgewell/resolve-uri": {
      "version": "3.1.2",
      "resolved": "https://registry.npmjs.org/@jridgewell/resolve-uri/-/resolve-uri-3.1.2.tgz",
      "integrity": "sha512-bRISgCIjP20/tbWSPWMEi54QVPRZExkuD9lJL+UIxUKtwVJA8wW1Trb1jMs1RFXo1CBTNZ/5hpC9QvmKWdopKw==",
      "dev": true,
      "license": "MIT",
      "engines": {
        "node": ">=6.0.0"
      }
    },
    "node_modules/@jridgewell/sourcemap-codec": {
      "version": "1.5.5",
      "resolved": "https://registry.npmjs.org/@jridgewell/sourcemap-codec/-/sourcemap-codec-1.5.5.tgz",
      "integrity": "sha512-cYQ9310grqxueWbl+WuIUIaiUaDcj7WOq5fVhEljNVgRfOUhY9fy2zTvfoqWsnebh8Sl70VScFbICvJnLKB0Og==",
      "dev": true,
      "license": "MIT"
    },
    "node_modules/@jridgewell/trace-mapping": {
      "version": "0.3.9",
      "resolved": "https://registry.npmjs.org/@jridgewell/trace-mapping/-/trace-mapping-0.3.9.tgz",
      "integrity": "sha512-3Belt6tdc8bPgAtbcmdtNJlirVoTmEb5e2gC94PnkwEW9jI6CAHUeoG85tjWP5WquqfavoMtMwiG4P926ZKKuQ==",
      "dev": true,
      "license": "MIT",
      "dependencies": {
        "@jridgewell/resolve-uri": "^3.0.3",
        "@jridgewell/sourcemap-codec": "^1.4.10"
      }
    },
    "node_modules/@smithy/core": {
      "version": "3.31.0",
      "resolved": "https://registry.npmjs.org/@smithy/core/-/core-3.31.0.tgz",
      "integrity": "sha512-sylYk2l9d7CmRv8ts8p0SDQUr3VO+HMeS1nrjL6+UtbO8ktJHTOeQ1McX+aAyvGGccp5aZX9eNtdcXrSwzoZaw==",
      "license": "Apache-2.0",
      "dependencies": {
        "@smithy/types": "^4.16.1",
        "tslib": "^2.6.2"
      },
      "engines": {
        "node": ">=18.0.0"
      }
    },
    "node_modules/@smithy/credential-provider-imds": {
      "version": "4.4.15",
      "resolved": "https://registry.npmjs.org/@smithy/credential-provider-imds/-/credential-provider-imds-4.4.15.tgz",
      "integrity": "sha512-xYVGrisQqTJWhOnScUhbx8s9H63TMtoxzuUoxG6mP8J+B/YbX3vZxVsgV0xDf43abJnJP0fjP7BkQh7OESwuRA==",
      "license": "Apache-2.0",
      "dependencies": {
        "@smithy/core": "^3.31.0",
        "@smithy/types": "^4.16.1",
        "tslib": "^2.6.2"
      },
      "engines": {
        "node": ">=18.0.0"
      }
    },
    "node_modules/@smithy/fetch-http-handler": {
      "version": "5.6.12",
      "resolved": "https://registry.npmjs.org/@smithy/fetch-http-handler/-/fetch-http-handler-5.6.12.tgz",
      "integrity": "sha512-OpQgP6IGH4j0NJ2zjfYZLjQL85ai+Wi/q51EmZJovXsEwKSvu89qiXUq77Q6EmwZ/hSl7fKpn2Z9mhiDN6OM+Q==",
      "license": "Apache-2.0",
      "dependencies": {
        "@smithy/core": "^3.31.0",
        "@smithy/types": "^4.16.1",
        "tslib": "^2.6.2"
      },
      "engines": {
        "node": ">=18.0.0"
      }
    },
    "node_modules/@smithy/node-http-handler": {
      "version": "4.9.12",
      "resolved": "https://registry.npmjs.org/@smithy/node-http-handler/-/node-http-handler-4.9.12.tgz",
      "integrity": "sha512-dWW5KRt4mnEvjNzbGqGeCuAvgum85Y9ZoyuMQqcTEfapndyVJ1k9BEHK7kdXJZ32enyRmmwcFjMwlB/KgLKI3Q==",
      "license": "Apache-2.0",
      "dependencies": {
        "@smithy/core": "^3.31.0",
        "@smithy/types": "^4.16.1",
        "tslib": "^2.6.2"
      },
      "engines": {
        "node": ">=18.0.0"
      }
    },
    "node_modules/@smithy/signature-v4": {
      "version": "5.6.11",
      "resolved": "https://registry.npmjs.org/@smithy/signature-v4/-/signature-v4-5.6.11.tgz",
      "integrity": "sha512-7HsspeiNCZvZHEJ22vV5L/QYuJdTyJvPJvMrYD3AgkM3IJB0pkln4jkjPvtpTWRMkHXbO8WKwNjoVdVlBFwHmw==",
      "license": "Apache-2.0",
      "dependencies": {
        "@smithy/core": "^3.31.0",
        "@smithy/types": "^4.16.1",
        "tslib": "^2.6.2"
      },
      "engines": {
        "node": ">=18.0.0"
      }
    },
    "node_modules/@smithy/types": {
      "version": "4.16.1",
      "resolved": "https://registry.npmjs.org/@smithy/types/-/types-4.16.1.tgz",
      "integrity": "sha512-0JFs3V2y2M9tKW5na/qxe69Zv+uxLMO7QBbhxF/FHu/Gp2NFZAAL9tWl9PU02xxo07pb3G9FTyjNc6D5uZrJIg==",
      "license": "Apache-2.0",
      "dependencies": {
        "tslib": "^2.6.2"
      },
      "engines": {
        "node": ">=18.0.0"
      }
    },
    "node_modules/@tsconfig/node10": {
      "version": "1.0.12",
      "resolved": "https://registry.npmjs.org/@tsconfig/node10/-/node10-1.0.12.tgz",
      "integrity": "sha512-UCYBaeFvM11aU2y3YPZ//O5Rhj+xKyzy7mvcIoAjASbigy8mHMryP5cK7dgjlz2hWxh1g5pLw084E0a/wlUSFQ==",
      "dev": true,
      "license": "MIT"
    },
    "node_modules/@tsconfig/node12": {
      "version": "1.0.11",
      "resolved": "https://registry.npmjs.org/@tsconfig/node12/-/node12-1.0.11.tgz",
      "integrity": "sha512-cqefuRsh12pWyGsIoBKJA9luFu3mRxCA+ORZvA4ktLSzIuCUtWVxGIuXigEwO5/ywWFMZ2QEGKWvkZG1zDMTag==",
      "dev": true,
      "license": "MIT"
    },
    "node_modules/@tsconfig/node14": {
      "version": "1.0.3",
      "resolved": "https://registry.npmjs.org/@tsconfig/node14/-/node14-1.0.3.tgz",
      "integrity": "sha512-ysT8mhdixWK6Hw3i1V2AeRqZ5WfXg1G43mqoYlM2nc6388Fq5jcXyr5mRsqViLx/GJYdoL0bfXD8nmF+Zn/Iow==",
      "dev": true,
      "license": "MIT"
    },
    "node_modules/@tsconfig/node16": {
      "version": "1.0.4",
      "resolved": "https://registry.npmjs.org/@tsconfig/node16/-/node16-1.0.4.tgz",
      "integrity": "sha512-vxhUy4J8lyeyinH7Azl1pdd43GJhZH/tP2weN8TntQblOY+A0XbT8DJk1/oCPuOOyg/Ja757rG0CgHcWC8OfMA==",
      "dev": true,
      "license": "MIT"
    },
    "node_modules/@types/aws-lambda": {
      "version": "8.10.162",
      "resolved": "https://registry.npmjs.org/@types/aws-lambda/-/aws-lambda-8.10.162.tgz",
      "integrity": "sha512-Fn658grtLOci1oxi1391vvDWJRKNGWRSqfxRkmN/Iy3c0tQH1USMKEXcPYHLvope+ZgTFocx9FRQJx1muBL6qw==",
      "dev": true,
      "license": "MIT"
    },
    "node_modules/@types/node": {
      "version": "26.1.0",
      "resolved": "https://registry.npmjs.org/@types/node/-/node-26.1.0.tgz",
      "integrity": "sha512-O0A1G3xPGy4w7AgQdAQYUlQ+BKk2Oovw8eRpofyp5KdBZULnbe+WqaOVNrm705SHphCiG4XHsACrSmPu1f+Kgw==",
      "dev": true,
      "license": "MIT",
      "peer": true,
      "dependencies": {
        "undici-types": "~8.3.0"
      }
    },
    "node_modules/@types/uuid": {
      "version": "10.0.0",
      "resolved": "https://registry.npmjs.org/@types/uuid/-/uuid-10.0.0.tgz",
      "integrity": "sha512-7gqG38EyHgyP1S+7+xomFtL+ZNHcKv6DwNaCZmJmo1vgMugyF3TCnXVg4t1uk89mLNwnLtnY3TpOpCOyp1/xHQ==",
      "dev": true,
      "license": "MIT"
    },
    "node_modules/acorn": {
      "version": "8.17.0",
      "resolved": "https://registry.npmjs.org/acorn/-/acorn-8.17.0.tgz",
      "integrity": "sha512-xRQbDb9BnwDafYNn6Vwl839DYVjqXYb1XVGtWAZ1kcDc6iwAL4hg3B1dZlRiuENFeO2H53gFG3in621AdERVAg==",
      "dev": true,
      "license": "MIT",
      "bin": {
        "acorn": "bin/acorn"
      },
      "engines": {
        "node": ">=0.4.0"
      }
    },
    "node_modules/acorn-walk": {
      "version": "8.3.5",
      "resolved": "https://registry.npmjs.org/acorn-walk/-/acorn-walk-8.3.5.tgz",
      "integrity": "sha512-HEHNfbars9v4pgpW6SO1KSPkfoS0xVOM/9UzkJltjlsHZmJasxg8aXkuZa7SMf8vKGIBhpUsPluQSqhJFCqebw==",
      "dev": true,
      "license": "MIT",
      "dependencies": {
        "acorn": "^8.11.0"
      },
      "engines": {
        "node": ">=0.4.0"
      }
    },
    "node_modules/arg": {
      "version": "4.1.3",
      "resolved": "https://registry.npmjs.org/arg/-/arg-4.1.3.tgz",
      "integrity": "sha512-58S9QDqG0Xx27YwPSt9fJxivjYl432YCwfDMfZ+71RAqUrZef7LrKQZ3LHLOwCS4FLNBplP533Zx895SeOCHvA==",
      "dev": true,
      "license": "MIT"
    },
    "node_modules/balanced-match": {
      "version": "4.0.4",
      "resolved": "https://registry.npmjs.org/balanced-match/-/balanced-match-4.0.4.tgz",
      "integrity": "sha512-BLrgEcRTwX2o6gGxGOCNyMvGSp35YofuYzw9h1IMTRmKqttAZZVU67bdb9Pr2vUHA8+j3i2tJfjO6C6+4myGTA==",
      "dev": true,
      "license": "MIT",
      "engines": {
        "node": "18 || 20 || >=22"
      }
    },
    "node_modules/bowser": {
      "version": "2.14.1",
      "resolved": "https://registry.npmjs.org/bowser/-/bowser-2.14.1.tgz",
      "integrity": "sha512-tzPjzCxygAKWFOJP011oxFHs57HzIhOEracIgAePE4pqB3LikALKnSzUyU4MGs9/iCEUuHlAJTjTc5M+u7YEGg==",
      "license": "MIT"
    },
    "node_modules/brace-expansion": {
      "version": "5.0.7",
      "resolved": "https://registry.npmjs.org/brace-expansion/-/brace-expansion-5.0.7.tgz",
      "integrity": "sha512-7oFy703dxfY3/NLxC1fh2SUCQ0H9rmAY+5EpDVfXjUTTs+HEwR2nYaqLv+GWcTsumwxPfiz6CzCNkwXwBUwqCA==",
      "dev": true,
      "license": "MIT",
      "dependencies": {
        "balanced-match": "^4.0.2"
      },
      "engines": {
        "node": "18 || 20 || >=22"
      }
    },
    "node_modules/create-require": {
      "version": "1.1.1",
      "resolved": "https://registry.npmjs.org/create-require/-/create-require-1.1.1.tgz",
      "integrity": "sha512-dcKFX3jn0MpIaXjisoRvexIJVEKzaq7z2rZKxf+MSr9TkdmHmsU4m2lcLojrj/FHl8mk5VxMmYA+ftRkP/3oKQ==",
      "dev": true,
      "license": "MIT"
    },
    "node_modules/diff": {
      "version": "4.0.4",
      "resolved": "https://registry.npmjs.org/diff/-/diff-4.0.4.tgz",
      "integrity": "sha512-X07nttJQkwkfKfvTPG/KSnE2OMdcUCao6+eXF3wmnIQRn2aPAHH3VxDbDOdegkd6JbPsXqShpvEOHfAT+nCNwQ==",
      "dev": true,
      "license": "BSD-3-Clause",
      "engines": {
        "node": ">=0.3.1"
      }
    },
    "node_modules/glob": {
      "version": "13.0.6",
      "resolved": "https://registry.npmjs.org/glob/-/glob-13.0.6.tgz",
      "integrity": "sha512-Wjlyrolmm8uDpm/ogGyXZXb1Z+Ca2B8NbJwqBVg0axK9GbBeoS7yGV6vjXnYdGm6X53iehEuxxbyiKp8QmN4Vw==",
      "dev": true,
      "license": "BlueOak-1.0.0",
      "dependencies": {
        "minimatch": "^10.2.2",
        "minipass": "^7.1.3",
        "path-scurry": "^2.0.2"
      },
      "engines": {
        "node": "18 || 20 || >=22"
      },
      "funding": {
        "url": "https://github.com/sponsors/isaacs"
      }
    },
    "node_modules/lru-cache": {
      "version": "11.5.1",
      "resolved": "https://registry.npmjs.org/lru-cache/-/lru-cache-11.5.1.tgz",
      "integrity": "sha512-RPimw/7aMdv2oqRrxKwvZXcPfwBrn/JZ2xYcY9Hus/6LaS3VOAKVWKWgNLCFSiOm1ESXinjsDlidVU7JlnCN2A==",
      "dev": true,
      "license": "BlueOak-1.0.0",
      "engines": {
        "node": "20 || >=22"
      }
    },
    "node_modules/make-error": {
      "version": "1.3.6",
      "resolved": "https://registry.npmjs.org/make-error/-/make-error-1.3.6.tgz",
      "integrity": "sha512-s8UhlNe7vPKomQhC1qFelMokr/Sc3AgNbso3n74mVPA5LTZwkB9NlXf4XPamLxJE8h0gh73rM94xvwRT2CVInw==",
      "dev": true,
      "license": "ISC"
    },
    "node_modules/minimatch": {
      "version": "10.2.5",
      "resolved": "https://registry.npmjs.org/minimatch/-/minimatch-10.2.5.tgz",
      "integrity": "sha512-MULkVLfKGYDFYejP07QOurDLLQpcjk7Fw+7jXS2R2czRQzR56yHRveU5NDJEOviH+hETZKSkIk5c+T23GjFUMg==",
      "dev": true,
      "license": "BlueOak-1.0.0",
      "dependencies": {
        "brace-expansion": "^5.0.5"
      },
      "engines": {
        "node": "18 || 20 || >=22"
      },
      "funding": {
        "url": "https://github.com/sponsors/isaacs"
      }
    },
    "node_modules/minipass": {
      "version": "7.1.3",
      "resolved": "https://registry.npmjs.org/minipass/-/minipass-7.1.3.tgz",
      "integrity": "sha512-tEBHqDnIoM/1rXME1zgka9g6Q2lcoCkxHLuc7ODJ5BxbP5d4c2Z5cGgtXAku59200Cx7diuHTOYfSBD8n6mm8A==",
      "dev": true,
      "license": "BlueOak-1.0.0",
      "engines": {
        "node": ">=16 || 14 >=14.17"
      }
    },
    "node_modules/mnemonist": {
      "version": "0.38.3",
      "resolved": "https://registry.npmjs.org/mnemonist/-/mnemonist-0.38.3.tgz",
      "integrity": "sha512-2K9QYubXx/NAjv4VLq1d1Ly8pWNC5L3BrixtdkyTegXWJIqY+zLNDhhX/A+ZwWt70tB1S8H4BE8FLYEFyNoOBw==",
      "license": "MIT",
      "dependencies": {
        "obliterator": "^1.6.1"
      }
    },
    "node_modules/obliterator": {
      "version": "1.6.1",
      "resolved": "https://registry.npmjs.org/obliterator/-/obliterator-1.6.1.tgz",
      "integrity": "sha512-9WXswnqINnnhOG/5SLimUlzuU1hFJUc8zkwyD59Sd+dPOMf05PmnYG/d6Q7HZ+KmgkZJa1PxRso6QdM3sTNHig==",
      "license": "MIT"
    },
    "node_modules/package-json-from-dist": {
      "version": "1.0.1",
      "resolved": "https://registry.npmjs.org/package-json-from-dist/-/package-json-from-dist-1.0.1.tgz",
      "integrity": "sha512-UEZIS3/by4OC8vL3P2dTXRETpebLI2NiI5vIrjaD/5UtrkFX/tNbwjTSRAGC/+7CAo2pIcBaRgWmcBBHcsaCIw==",
      "dev": true,
      "license": "BlueOak-1.0.0"
    },
    "node_modules/path-scurry": {
      "version": "2.0.2",
      "resolved": "https://registry.npmjs.org/path-scurry/-/path-scurry-2.0.2.tgz",
      "integrity": "sha512-3O/iVVsJAPsOnpwWIeD+d6z/7PmqApyQePUtCndjatj/9I5LylHvt5qluFaBT3I5h3r1ejfR056c+FCv+NnNXg==",
      "dev": true,
      "license": "BlueOak-1.0.0",
      "dependencies": {
        "lru-cache": "^11.0.0",
        "minipass": "^7.1.2"
      },
      "engines": {
        "node": "18 || 20 || >=22"
      },
      "funding": {
        "url": "https://github.com/sponsors/isaacs"
      }
    },
    "node_modules/rimraf": {
      "version": "6.1.3",
      "resolved": "https://registry.npmjs.org/rimraf/-/rimraf-6.1.3.tgz",
      "integrity": "sha512-LKg+Cr2ZF61fkcaK1UdkH2yEBBKnYjTyWzTJT6KNPcSPaiT7HSdhtMXQuN5wkTX0Xu72KQ1l8S42rlmexS2hSA==",
      "dev": true,
      "license": "BlueOak-1.0.0",
      "dependencies": {
        "glob": "^13.0.3",
        "package-json-from-dist": "^1.0.1"
      },
      "bin": {
        "rimraf": "dist/esm/bin.mjs"
      },
      "engines": {
        "node": "20 || >=22"
      },
      "funding": {
        "url": "https://github.com/sponsors/isaacs"
      }
    },
    "node_modules/ts-node": {
      "version": "10.9.2",
      "resolved": "https://registry.npmjs.org/ts-node/-/ts-node-10.9.2.tgz",
      "integrity": "sha512-f0FFpIdcHgn8zcPSbf1dRevwt047YMnaiJM3u2w2RewrB+fob/zePZcrOyQoLMMO7aBIddLcQIEK5dYjkLnGrQ==",
      "dev": true,
      "license": "MIT",
      "dependencies": {
        "@cspotcode/source-map-support": "^0.8.0",
        "@tsconfig/node10": "^1.0.7",
        "@tsconfig/node12": "^1.0.7",
        "@tsconfig/node14": "^1.0.0",
        "@tsconfig/node16": "^1.0.2",
        "acorn": "^8.4.1",
        "acorn-walk": "^8.1.1",
        "arg": "^4.1.0",
        "create-require": "^1.1.0",
        "diff": "^4.0.1",
        "make-error": "^1.1.1",
        "v8-compile-cache-lib": "^3.0.1",
        "yn": "3.1.1"
      },
      "bin": {
        "ts-node": "dist/bin.js",
        "ts-node-cwd": "dist/bin-cwd.js",
        "ts-node-esm": "dist/bin-esm.js",
        "ts-node-script": "dist/bin-script.js",
        "ts-node-transpile-only": "dist/bin-transpile.js",
        "ts-script": "dist/bin-script-deprecated.js"
      },
      "peerDependencies": {
        "@swc/core": ">=1.2.50",
        "@swc/wasm": ">=1.2.50",
        "@types/node": "*",
        "typescript": ">=2.7"
      },
      "peerDependenciesMeta": {
        "@swc/core": {
          "optional": true
        },
        "@swc/wasm": {
          "optional": true
        }
      }
    },
    "node_modules/tslib": {
      "version": "2.8.1",
      "resolved": "https://registry.npmjs.org/tslib/-/tslib-2.8.1.tgz",
      "integrity": "sha512-oJFu94HQb+KVduSUQL7wnpmqnfmLsOA/nAh6b6EH0wCEoK0/mPeXU6c3wKDV83MkOuHPRHtSXKKU99IBazS/2w==",
      "license": "0BSD"
    },
    "node_modules/typescript": {
      "version": "5.9.3",
      "resolved": "https://registry.npmjs.org/typescript/-/typescript-5.9.3.tgz",
      "integrity": "sha512-jl1vZzPDinLr9eUt3J/t7V6FgNEw9QjvBPdysz9KfQDD41fQrC2Y4vKQdiaUpFT4bXlb1RHhLpp8wtm6M5TgSw==",
      "dev": true,
      "license": "Apache-2.0",
      "bin": {
        "tsc": "bin/tsc",
        "tsserver": "bin/tsserver"
      },
      "engines": {
        "node": ">=14.17"
      }
    },
    "node_modules/undici-types": {
      "version": "8.3.0",
      "resolved": "https://registry.npmjs.org/undici-types/-/undici-types-8.3.0.tgz",
      "integrity": "sha512-j375ScV60dom+YkPFIfTLcOiPxkN/buHz5GobjLhixFuANaNs3C9l4GmrWqejgXWJ7BbJcFYpTEUkS1Ge8bpZQ==",
      "dev": true,
      "license": "MIT",
      "peer": true
    },
    "node_modules/uuid": {
      "version": "11.1.1",
      "resolved": "https://registry.npmjs.org/uuid/-/uuid-11.1.1.tgz",
      "integrity": "sha512-vIYxrBCC/N/K+Js3qSN88go7kIfNPssr/hHCesKCQNAjmgvYS2oqr69kIufEG+O4+PfezOH4EbIeHCfFov8ZgQ==",
      "funding": [
        "https://github.com/sponsors/broofa",
        "https://github.com/sponsors/ctavan"
      ],
      "license": "MIT",
      "bin": {
        "uuid": "dist/esm/bin/uuid"
      }
    },
    "node_modules/v8-compile-cache-lib": {
      "version": "3.0.1",
      "resolved": "https://registry.npmjs.org/v8-compile-cache-lib/-/v8-compile-cache-lib-3.0.1.tgz",
      "integrity": "sha512-wa7YjyUGfNZngI/vtK0UHAN+lgDCxBPCylVXGp0zu59Fz5aiGtNXaq3DhIov063MorB+VfufLh3JlF2KdTK3xg==",
      "dev": true,
      "license": "MIT"
    },
    "node_modules/yn": {
      "version": "3.1.1",
      "resolved": "https://registry.npmjs.org/yn/-/yn-3.1.1.tgz",
      "integrity": "sha512-Ux4ygGWsu2c7isFWe8Yu1YluJmqVhxqK2cLXNQA5AcC3QfbGNpM7fu0Y8b/z16pXLnFxZYvWhd3fhBY9DLmC6Q==",
      "dev": true,
      "license": "MIT",
      "engines": {
        "node": ">=6"
      }
    },
    "packages/chat-api": {
      "name": "@bhs/chat-api",
      "version": "0.1.0",
      "dependencies": {
        "@aws-sdk/client-bedrock-agentcore": "^3.700.0",
        "@aws-sdk/client-bedrock-runtime": "^3.700.0",
        "@aws-sdk/client-dynamodb": "^3.700.0",
        "@aws-sdk/lib-dynamodb": "^3.700.0",
        "@bhs/shared": "*",
        "uuid": "^11.1.0"
      },
      "devDependencies": {
        "@types/aws-lambda": "^8.10.147",
        "@types/node": "^22.15.29",
        "@types/uuid": "^10.0.0",
        "rimraf": "^6.0.1",
        "typescript": "^5.7.3"
      },
      "engines": {
        "node": ">=24.0.0"
      }
    },
    "packages/chat-api/node_modules/@types/node": {
      "version": "22.20.1",
      "resolved": "https://registry.npmjs.org/@types/node/-/node-22.20.1.tgz",
      "integrity": "sha512-EANqOCF9QFyra+4pfxUcX9STKJpCLjMbObVzljIJomAWSnuSIEAvyzEU53GaajbXJEgdh0iEcPL+DGvpUd4k1Q==",
      "dev": true,
      "license": "MIT",
      "dependencies": {
        "undici-types": "~6.21.0"
      }
    },
    "packages/chat-api/node_modules/undici-types": {
      "version": "6.21.0",
      "resolved": "https://registry.npmjs.org/undici-types/-/undici-types-6.21.0.tgz",
      "integrity": "sha512-iwDZqg0QAGrg9Rav5H4n0M64c3mkR59cJ6wQp+7C4nI0gsmExaedaYLNO44eT4AtBBwjbTiGPMlt2Md0T9H9JQ==",
      "dev": true,
      "license": "MIT"
    },
    "packages/quiz-api": {
      "name": "@bhs/quiz-api",
      "version": "0.1.0",
      "dependencies": {
        "@aws-sdk/client-dynamodb": "^3.700.0",
        "@aws-sdk/lib-dynamodb": "^3.700.0",
        "@bhs/shared": "*",
        "uuid": "^11.1.0"
      },
      "devDependencies": {
        "@types/aws-lambda": "^8.10.147",
        "@types/node": "^22.15.29",
        "@types/uuid": "^10.0.0",
        "rimraf": "^6.0.1",
        "typescript": "^5.7.3"
      },
      "engines": {
        "node": ">=24.0.0"
      }
    },
    "packages/quiz-api/node_modules/@types/node": {
      "version": "22.20.0",
      "resolved": "https://registry.npmjs.org/@types/node/-/node-22.20.0.tgz",
      "integrity": "sha512-QWlFW2wf3nTjC13/DqRnBpR4ZO36VJH/JVBkA/vcnmbTBNQIlnObqyqZE1tUR7+Ni23Lda8R1BxMfbXRpCUx5g==",
      "dev": true,
      "license": "MIT",
      "dependencies": {
        "undici-types": "~6.21.0"
      }
    },
    "packages/quiz-api/node_modules/undici-types": {
      "version": "6.21.0",
      "resolved": "https://registry.npmjs.org/undici-types/-/undici-types-6.21.0.tgz",
      "integrity": "sha512-iwDZqg0QAGrg9Rav5H4n0M64c3mkR59cJ6wQp+7C4nI0gsmExaedaYLNO44eT4AtBBwjbTiGPMlt2Md0T9H9JQ==",
      "dev": true,
      "license": "MIT"
    },
    "packages/shared": {
      "name": "@bhs/shared",
      "version": "0.1.0",
      "devDependencies": {
        "rimraf": "^6.0.1",
        "typescript": "^5.7.3"
      }
    }
  }
}
